
Microsoft Visual Studio Solution File, Format Version 12.00
# Visual Studio Version 16
VisualStudioVersion = 16.0.31025.194
MinimumVisualStudioVersion = 10.0.40219.1
Project("{FAE04EC0-301F-11D3-BF4B-00C04F79EFBC}") = "Service", "Service\Service.csproj", "{560470A0-FEC3-4988-9324-91289195F159}"
EndProject
Project("{FAE04EC0-301F-11D3-BF4B-00C04F79EFBC}") = "Client", "Client\Client.csproj", "{C2298FD0-D2E1-40D3-A5BE-413AC32E9325}"
EndProject
Global
	GlobalSection(SolutionConfigurationPlatforms) = preSolution
		Debug|Any CPU = Debug|Any CPU
		Release|Any CPU = Release|Any CPU
	EndGlobalSection
	GlobalSection(ProjectConfigurationPlatforms) = postSolution
		{560470A0-FEC3-4988-9324-91289195F159}.Debug|Any CPU.ActiveCfg = Debug|Any CPU
		{560470A0-FEC3-4988-9324-91289195F159}.Debug|Any CPU.Build.0 = Debug|Any CPU
		{560470A0-FEC3-4988-9324-91289195F159}.Release|Any CPU.ActiveCfg = Release|Any CPU
		{560470A0-FEC3-4988-9324-91289195F159}.Release|Any CPU.Build.0 = Release|Any CPU
		{C2298FD0-D2E1-40D3-A5BE-413AC32E9325}.Debug|Any CPU.ActiveCfg = Debug|Any CPU
		{C2298FD0-D2E1-40D3-A5BE-413AC32E9325}.Debug|Any CPU.Build.0 = Debug|Any CPU
		{C2298FD0-D2E1-40D3-A5BE-413AC32E9325}.Release|Any CPU.ActiveCfg = Release|Any CPU
		{C2298FD0-D2E1-40D3-A5BE-413AC32E9325}.Release|Any CPU.Build.0 = Release|Any CPU
	EndGlobalSection
	GlobalSection(SolutionProperties) = preSolution
		HideSolutionNode = FALSE
	EndGlobalSection
	GlobalSection(ExtensibilityGlobals) = postSolution
		SolutionGuid = {2D318ECB-75E9-420C-93EE-3B5F4A958EA9}
	EndGlobalSection
EndGlobal
