
Microsoft Visual Studio Solution File, Format Version 12.00
# Visual Studio Version 16
VisualStudioVersion = 16.0.31025.194
MinimumVisualStudioVersion = 10.0.40219.1
Project("{9A19103F-16F7-4668-BE54-9A1E7A4F7556}") = "Client", "Client\Client.csproj", "{C2298FD0-D2E1-40D3-A5BE-413AC32E9325}"
EndProject
Project("{9A19103F-16F7-4668-BE54-9A1E7A4F7556}") = "Server", "Server\Server.csproj", "{C54D5357-FBCE-46BB-9DD5-78C2B9AD2E6D}"
EndProject
Global
	GlobalSection(SolutionConfigurationPlatforms) = preSolution
		Debug|Any CPU = Debug|Any CPU
		Release|Any CPU = Release|Any CPU
	EndGlobalSection
	GlobalSection(ProjectConfigurationPlatforms) = postSolution
		{C2298FD0-D2E1-40D3-A5BE-413AC32E9325}.Debug|Any CPU.ActiveCfg = Debug|Any CPU
		{C2298FD0-D2E1-40D3-A5BE-413AC32E9325}.Debug|Any CPU.Build.0 = Debug|Any CPU
		{C2298FD0-D2E1-40D3-A5BE-413AC32E9325}.Release|Any CPU.ActiveCfg = Release|Any CPU
		{C2298FD0-D2E1-40D3-A5BE-413AC32E9325}.Release|Any CPU.Build.0 = Release|Any CPU
		{C54D5357-FBCE-46BB-9DD5-78C2B9AD2E6D}.Debug|Any CPU.ActiveCfg = Debug|Any CPU
		{C54D5357-FBCE-46BB-9DD5-78C2B9AD2E6D}.Debug|Any CPU.Build.0 = Debug|Any CPU
		{C54D5357-FBCE-46BB-9DD5-78C2B9AD2E6D}.Release|Any CPU.ActiveCfg = Release|Any CPU
		{C54D5357-FBCE-46BB-9DD5-78C2B9AD2E6D}.Release|Any CPU.Build.0 = Release|Any CPU
	EndGlobalSection
	GlobalSection(SolutionProperties) = preSolution
		HideSolutionNode = FALSE
	EndGlobalSection
	GlobalSection(ExtensibilityGlobals) = postSolution
		SolutionGuid = {2D318ECB-75E9-420C-93EE-3B5F4A958EA9}
	EndGlobalSection
EndGlobal
